// !$*UTF8*$!
{
	archiveVersion = 1;
	classes = {
	};
	objectVersion = 55;
	objects = {

/* Begin PBXBuildFile section */
		DBFC5662288B04740020C198 /* Book_AppApp.swift in Sources */ = {isa = PBXBuildFile; fileRef = DBFC5652288B04730020C198 /* Book_AppApp.swift */; };
		DBFC5663288B04740020C198 /* Book_AppApp.swift in Sources */ = {isa = PBXBuildFile; fileRef = DBFC5652288B04730020C198 /* Book_AppApp.swift */; };
		DBFC5664288B04740020C198 /* BookMainView.swift in Sources */ = {isa = PBXBuildFile; fileRef = DBFC5653288B04730020C198 /* BookMainView.swift */; };
		DBFC5665288B04740020C198 /* BookMainView.swift in Sources */ = {isa = PBXBuildFile; fileRef = DBFC5653288B04730020C198 /* BookMainView.swift */; };
		DBFC5666288B04740020C198 /* Assets.xcassets in Resources */ = {isa = PBXBuildFile; fileRef = DBFC5654288B04740020C198 /* Assets.xcassets */; };
		DBFC5667288B04740020C198 /* Assets.xcassets in Resources */ = {isa = PBXBuildFile; fileRef = DBFC5654288B04740020C198 /* Assets.xcassets */; };
		DBFC5676288B05840020C198 /* Data.json in Resources */ = {isa = PBXBuildFile; fileRef = DBFC5675288B05840020C198 /* Data.json */; };
		DBFC5677288B05840020C198 /* Data.json in Resources */ = {isa = PBXBuildFile; fileRef = DBFC5675288B05840020C198 /* Data.json */; };
		DBFC5679288B073C0020C198 /* BookModel.swift in Sources */ = {isa = PBXBuildFile; fileRef = DBFC5678288B073C0020C198 /* BookModel.swift */; };
		DBFC567A288B073C0020C198 /* BookModel.swift in Sources */ = {isa = PBXBuildFile; fileRef = DBFC5678288B073C0020C198 /* BookModel.swift */; };
		DBFC567C288B07510020C198 /* Book.swift in Sources */ = {isa = PBXBuildFile; fileRef = DBFC567B288B07510020C198 /* Book.swift */; };
		DBFC567D288B07510020C198 /* Book.swift in Sources */ = {isa = PBXBuildFile; fileRef = DBFC567B288B07510020C198 /* Book.swift */; };
		DBFC567F288B07590020C198 /* DataService.swift in Sources */ = {isa = PBXBuildFile; fileRef = DBFC567E288B07590020C198 /* DataService.swift */; };
		DBFC5680288B07590020C198 /* DataService.swift in Sources */ = {isa = PBXBuildFile; fileRef = DBFC567E288B07590020C198 /* DataService.swift */; };
/* End PBXBuildFile section */

/* Begin PBXFileReference section */
		DBFC5652288B04730020C198 /* Book_AppApp.swift */ = {isa = PBXFileReference; lastKnownFileType = sourcecode.swift; path = Book_AppApp.swift; sourceTree = "<group>"; };
		DBFC5653288B04730020C198 /* BookMainView.swift */ = {isa = PBXFileReference; lastKnownFileType = sourcecode.swift; path = BookMainView.swift; sourceTree = "<group>"; };
		DBFC5654288B04740020C198 /* Assets.xcassets */ = {isa = PBXFileReference; lastKnownFileType = folder.assetcatalog; path = Assets.xcassets; sourceTree = "<group>"; };
		DBFC5659288B04740020C198 /* Book-App.app */ = {isa = PBXFileReference; explicitFileType = wrapper.application; includeInIndex = 0; path = "Book-App.app"; sourceTree = BUILT_PRODUCTS_DIR; };
		DBFC565F288B04740020C198 /* Book-App.app */ = {isa = PBXFileReference; explicitFileType = wrapper.application; includeInIndex = 0; path = "Book-App.app"; sourceTree = BUILT_PRODUCTS_DIR; };
		DBFC5661288B04740020C198 /* macOS.entitlements */ = {isa = PBXFileReference; lastKnownFileType = text.plist.entitlements; path = macOS.entitlements; sourceTree = "<group>"; };
		DBFC5675288B05840020C198 /* Data.json */ = {isa = PBXFileReference; fileEncoding = 4; lastKnownFileType = text.json; name = Data.json; path = "Data and Assets/Data.json"; sourceTree = SOURCE_ROOT; };
		DBFC5678288B073C0020C198 /* BookModel.swift */ = {isa = PBXFileReference; lastKnownFileType = sourcecode.swift; path = BookModel.swift; sourceTree = "<group>"; };
		DBFC567B288B07510020C198 /* Book.swift */ = {isa = PBXFileReference; lastKnownFileType = sourcecode.swift; path = Book.swift; sourceTree = "<group>"; };
		DBFC567E288B07590020C198 /* DataService.swift */ = {isa = PBXFileReference; lastKnownFileType = sourcecode.swift; path = DataService.swift; sourceTree = "<group>"; };
/* End PBXFileReference section */

/* Begin PBXFrameworksBuildPhase section */
		DBFC5656288B04740020C198 /* Frameworks */ = {
			isa = PBXFrameworksBuildPhase;
			buildActionMask = 2147483647;
			files = (
			);
			runOnlyForDeploymentPostprocessing = 0;
		};
		DBFC565C288B04740020C198 /* Frameworks */ = {
			isa = PBXFrameworksBuildPhase;
			buildActionMask = 2147483647;
			files = (
			);
			runOnlyForDeploymentPostprocessing = 0;
		};
/* End PBXFrameworksBuildPhase section */

/* Begin PBXGroup section */
		DBFC564C288B04730020C198 = {
			isa = PBXGroup;
			children = (
				DBFC5651288B04730020C198 /* Shared */,
				DBFC5660288B04740020C198 /* macOS */,
				DBFC565A288B04740020C198 /* Products */,
			);
			sourceTree = "<group>";
		};
		DBFC5651288B04730020C198 /* Shared */ = {
			isa = PBXGroup;
			children = (
				DBFC5652288B04730020C198 /* Book_AppApp.swift */,
				DBFC5670288B05450020C198 /* Views */,
				DBFC5672288B05500020C198 /* Models */,
				DBFC5671288B054A0020C198 /* ViewModels */,
				DBFC5673288B05540020C198 /* Services */,
				DBFC5674288B05590020C198 /* Data */,
				DBFC5654288B04740020C198 /* Assets.xcassets */,
			);
			path = Shared;
			sourceTree = "<group>";
		};
		DBFC565A288B04740020C198 /* Products */ = {
			isa = PBXGroup;
			children = (
				DBFC5659288B04740020C198 /* Book-App.app */,
				DBFC565F288B04740020C198 /* Book-App.app */,
			);
			name = Products;
			sourceTree = "<group>";
		};
		DBFC5660288B04740020C198 /* macOS */ = {
			isa = PBXGroup;
			children = (
				DBFC5661288B04740020C198 /* macOS.entitlements */,
			);
			path = macOS;
			sourceTree = "<group>";
		};
		DBFC5670288B05450020C198 /* Views */ = {
			isa = PBXGroup;
			children = (
				DBFC5653288B04730020C198 /* BookMainView.swift */,
			);
			path = Views;
			sourceTree = "<group>";
		};
		DBFC5671288B054A0020C198 /* ViewModels */ = {
			isa = PBXGroup;
			children = (
				DBFC5678288B073C0020C198 /* BookModel.swift */,
			);
			path = ViewModels;
			sourceTree = "<group>";
		};
		DBFC5672288B05500020C198 /* Models */ = {
			isa = PBXGroup;
			children = (
				DBFC567B288B07510020C198 /* Book.swift */,
			);
			path = Models;
			sourceTree = "<group>";
		};
		DBFC5673288B05540020C198 /* Services */ = {
			isa = PBXGroup;
			children = (
				DBFC567E288B07590020C198 /* DataService.swift */,
			);
			path = Services;
			sourceTree = "<group>";
		};
		DBFC5674288B05590020C198 /* Data */ = {
			isa = PBXGroup;
			children = (
				DBFC5675288B05840020C198 /* Data.json */,
			);
			path = Data;
			sourceTree = "<group>";
		};
/* End PBXGroup section */

/* Begin PBXNativeTarget section */
		DBFC5658288B04740020C198 /* Book-App (iOS) */ = {
			isa = PBXNativeTarget;
			buildConfigurationList = DBFC566A288B04740020C198 /* Build configuration list for PBXNativeTarget "Book-App (iOS)" */;
			buildPhases = (
				DBFC5655288B04740020C198 /* Sources */,
				DBFC5656288B04740020C198 /* Frameworks */,
				DBFC5657288B04740020C198 /* Resources */,
			);
			buildRules = (
			);
			dependencies = (
			);
			name = "Book-App (iOS)";
			productName = "Book-App (iOS)";
			productReference = DBFC5659288B04740020C198 /* Book-App.app */;
			productType = "com.apple.product-type.application";
		};
		DBFC565E288B04740020C198 /* Book-App (macOS) */ = {
			isa = PBXNativeTarget;
			buildConfigurationList = DBFC566D288B04740020C198 /* Build configuration list for PBXNativeTarget "Book-App (macOS)" */;
			buildPhases = (
				DBFC565B288B04740020C198 /* Sources */,
				DBFC565C288B04740020C198 /* Frameworks */,
				DBFC565D288B04740020C198 /* Resources */,
			);
			buildRules = (
			);
			dependencies = (
			);
			name = "Book-App (macOS)";
			productName = "Book-App (macOS)";
			productReference = DBFC565F288B04740020C198 /* Book-App.app */;
			productType = "com.apple.product-type.application";
		};
/* End PBXNativeTarget section */

/* Begin PBXProject section */
		DBFC564D288B04730020C198 /* Project object */ = {
			isa = PBXProject;
			attributes = {
				BuildIndependentTargetsInParallel = 1;
				LastSwiftUpdateCheck = 1340;
				LastUpgradeCheck = 1340;
				TargetAttributes = {
					DBFC5658288B04740020C198 = {
						CreatedOnToolsVersion = 13.4.1;
					};
					DBFC565E288B04740020C198 = {
						CreatedOnToolsVersion = 13.4.1;
					};
				};
			};
			buildConfigurationList = DBFC5650288B04730020C198 /* Build configuration list for PBXProject "Book-App" */;
			compatibilityVersion = "Xcode 13.0";
			developmentRegion = en;
			hasScannedForEncodings = 0;
			knownRegions = (
				en,
				Base,
			);
			mainGroup = DBFC564C288B04730020C198;
			productRefGroup = DBFC565A288B04740020C198 /* Products */;
			projectDirPath = "";
			projectRoot = "";
			targets = (
				DBFC5658288B04740020C198 /* Book-App (iOS) */,
				DBFC565E288B04740020C198 /* Book-App (macOS) */,
			);
		};
/* End PBXProject section */

/* Begin PBXResourcesBuildPhase section */
		DBFC5657288B04740020C198 /* Resources */ = {
			isa = PBXResourcesBuildPhase;
			buildActionMask = 2147483647;
			files = (
				DBFC5666288B04740020C198 /* Assets.xcassets in Resources */,
				DBFC5676288B05840020C198 /* Data.json in Resources */,
			);
			runOnlyForDeploymentPostprocessing = 0;
		};
		DBFC565D288B04740020C198 /* Resources */ = {
			isa = PBXResourcesBuildPhase;
			buildActionMask = 2147483647;
			files = (
				DBFC5667288B04740020C198 /* Assets.xcassets in Resources */,
				DBFC5677288B05840020C198 /* Data.json in Resources */,
			);
			runOnlyForDeploymentPostprocessing = 0;
		};
/* End PBXResourcesBuildPhase section */

/* Begin PBXSourcesBuildPhase section */
		DBFC5655288B04740020C198 /* Sources */ = {
			isa = PBXSourcesBuildPhase;
			buildActionMask = 2147483647;
			files = (
				DBFC567C288B07510020C198 /* Book.swift in Sources */,
				DBFC5679288B073C0020C198 /* BookModel.swift in Sources */,
				DBFC5664288B04740020C198 /* BookMainView.swift in Sources */,
				DBFC5662288B04740020C198 /* Book_AppApp.swift in Sources */,
				DBFC567F288B07590020C198 /* DataService.swift in Sources */,
			);
			runOnlyForDeploymentPostprocessing = 0;
		};
		DBFC565B288B04740020C198 /* Sources */ = {
			isa = PBXSourcesBuildPhase;
			buildActionMask = 2147483647;
			files = (
				DBFC567D288B07510020C198 /* Book.swift in Sources */,
				DBFC567A288B073C0020C198 /* BookModel.swift in Sources */,
				DBFC5665288B04740020C198 /* BookMainView.swift in Sources */,
				DBFC5663288B04740020C198 /* Book_AppApp.swift in Sources */,
				DBFC5680288B07590020C198 /* DataService.swift in Sources */,
			);
			runOnlyForDeploymentPostprocessing = 0;
		};
/* End PBXSourcesBuildPhase section */

/* Begin XCBuildConfiguration section */
		DBFC5668288B04740020C198 /* Debug */ = {
			isa = XCBuildConfiguration;
			buildSettings = {
				ALWAYS_SEARCH_USER_PATHS = NO;
				CLANG_ANALYZER_NONNULL = YES;
				CLANG_ANALYZER_NUMBER_OBJECT_CONVERSION = YES_AGGRESSIVE;
				CLANG_CXX_LANGUAGE_STANDARD = "gnu++17";
				CLANG_ENABLE_MODULES = YES;
				CLANG_ENABLE_OBJC_ARC = YES;
				CLANG_ENABLE_OBJC_WEAK = YES;
				CLANG_WARN_BLOCK_CAPTURE_AUTORELEASING = YES;
				CLANG_WARN_BOOL_CONVERSION = YES;
				CLANG_WARN_COMMA = YES;
				CLANG_WARN_CONSTANT_CONVERSION = YES;
				CLANG_WARN_DEPRECATED_OBJC_IMPLEMENTATIONS = YES;
				CLANG_WARN_DIRECT_OBJC_ISA_USAGE = YES_ERROR;
				CLANG_WARN_DOCUMENTATION_COMMENTS = YES;
				CLANG_WARN_EMPTY_BODY = YES;
				CLANG_WARN_ENUM_CONVERSION = YES;
				CLANG_WARN_INFINITE_RECURSION = YES;
				CLANG_WARN_INT_CONVERSION = YES;
				CLANG_WARN_NON_LITERAL_NULL_CONVERSION = YES;
				CLANG_WARN_OBJC_IMPLICIT_RETAIN_SELF = YES;
				CLANG_WARN_OBJC_LITERAL_CONVERSION = YES;
				CLANG_WARN_OBJC_ROOT_CLASS = YES_ERROR;
				CLANG_WARN_QUOTED_INCLUDE_IN_FRAMEWORK_HEADER = YES;
				CLANG_WARN_RANGE_LOOP_ANALYSIS = YES;
				CLANG_WARN_STRICT_PROTOTYPES = YES;
				CLANG_WARN_SUSPICIOUS_MOVE = YES;
				CLANG_WARN_UNGUARDED_AVAILABILITY = YES_AGGRESSIVE;
				CLANG_WARN_UNREACHABLE_CODE = YES;
				CLANG_WARN__DUPLICATE_METHOD_MATCH = YES;
				COPY_PHASE_STRIP = NO;
				DEBUG_INFORMATION_FORMAT = dwarf;
				ENABLE_STRICT_OBJC_MSGSEND = YES;
				ENABLE_TESTABILITY = YES;
				GCC_C_LANGUAGE_STANDARD = gnu11;
				GCC_DYNAMIC_NO_PIC = NO;
				GCC_NO_COMMON_BLOCKS = YES;
				GCC_OPTIMIZATION_LEVEL = 0;
				GCC_PREPROCESSOR_DEFINITIONS = (
					"DEBUG=1",
					"$(inherited)",
				);
				GCC_WARN_64_TO_32_BIT_CONVERSION = YES;
				GCC_WARN_ABOUT_RETURN_TYPE = YES_ERROR;
				GCC_WARN_UNDECLARED_SELECTOR = YES;
				GCC_WARN_UNINITIALIZED_AUTOS = YES_AGGRESSIVE;
				GCC_WARN_UNUSED_FUNCTION = YES;
				GCC_WARN_UNUSED_VARIABLE = YES;
				MTL_ENABLE_DEBUG_INFO = INCLUDE_SOURCE;
				MTL_FAST_MATH = YES;
				ONLY_ACTIVE_ARCH = YES;
				SWIFT_ACTIVE_COMPILATION_CONDITIONS = DEBUG;
				SWIFT_OPTIMIZATION_LEVEL = "-Onone";
			};
			name = Debug;
		};
		DBFC5669288B04740020C198 /* Release */ = {
			isa = XCBuildConfiguration;
			buildSettings = {
				ALWAYS_SEARCH_USER_PATHS = NO;
				CLANG_ANALYZER_NONNULL = YES;
				CLANG_ANALYZER_NUMBER_OBJECT_CONVERSION = YES_AGGRESSIVE;
				CLANG_CXX_LANGUAGE_STANDARD = "gnu++17";
				CLANG_ENABLE_MODULES = YES;
				CLANG_ENABLE_OBJC_ARC = YES;
				CLANG_ENABLE_OBJC_WEAK = YES;
				CLANG_WARN_BLOCK_CAPTURE_AUTORELEASING = YES;
				CLANG_WARN_BOOL_CONVERSION = YES;
				CLANG_WARN_COMMA = YES;
				CLANG_WARN_CONSTANT_CONVERSION = YES;
				CLANG_WARN_DEPRECATED_OBJC_IMPLEMENTATIONS = YES;
				CLANG_WARN_DIRECT_OBJC_ISA_USAGE = YES_ERROR;
				CLANG_WARN_DOCUMENTATION_COMMENTS = YES;
				CLANG_WARN_EMPTY_BODY = YES;
				CLANG_WARN_ENUM_CONVERSION = YES;
				CLANG_WARN_INFINITE_RECURSION = YES;
				CLANG_WARN_INT_CONVERSION = YES;
				CLANG_WARN_NON_LITERAL_NULL_CONVERSION = YES;
				CLANG_WARN_OBJC_IMPLICIT_RETAIN_SELF = YES;
				CLANG_WARN_OBJC_LITERAL_CONVERSION = YES;
				CLANG_WARN_OBJC_ROOT_CLASS = YES_ERROR;
				CLANG_WARN_QUOTED_INCLUDE_IN_FRAMEWORK_HEADER = YES;
				CLANG_WARN_RANGE_LOOP_ANALYSIS = YES;
				CLANG_WARN_STRICT_PROTOTYPES = YES;
				CLANG_WARN_SUSPICIOUS_MOVE = YES;
				CLANG_WARN_UNGUARDED_AVAILABILITY = YES_AGGRESSIVE;
				CLANG_WARN_UNREACHABLE_CODE = YES;
				CLANG_WARN__DUPLICATE_METHOD_MATCH = YES;
				COPY_PHASE_STRIP = NO;
				DEBUG_INFORMATION_FORMAT = "dwarf-with-dsym";
				ENABLE_NS_ASSERTIONS = NO;
				ENABLE_STRICT_OBJC_MSGSEND = YES;
				GCC_C_LANGUAGE_STANDARD = gnu11;
				GCC_NO_COMMON_BLOCKS = YES;
				GCC_WARN_64_TO_32_BIT_CONVERSION = YES;
				GCC_WARN_ABOUT_RETURN_TYPE = YES_ERROR;
				GCC_WARN_UNDECLARED_SELECTOR = YES;
				GCC_WARN_UNINITIALIZED_AUTOS = YES_AGGRESSIVE;
				GCC_WARN_UNUSED_FUNCTION = YES;
				GCC_WARN_UNUSED_VARIABLE = YES;
				MTL_ENABLE_DEBUG_INFO = NO;
				MTL_FAST_MATH = YES;
				SWIFT_COMPILATION_MODE = wholemodule;
				SWIFT_OPTIMIZATION_LEVEL = "-O";
			};
			name = Release;
		};
		DBFC566B288B04740020C198 /* Debug */ = {
			isa = XCBuildConfiguration;
			buildSettings = {
				ASSETCATALOG_COMPILER_APPICON_NAME = AppIcon;
				ASSETCATALOG_COMPILER_GLOBAL_ACCENT_COLOR_NAME = AccentColor;
				CODE_SIGN_STYLE = Automatic;
				CURRENT_PROJECT_VERSION = 1;
				DEVELOPMENT_TEAM = Y99V3PSNQ8;
				ENABLE_PREVIEWS = YES;
				GENERATE_INFOPLIST_FILE = YES;
				INFOPLIST_KEY_UIApplicationSceneManifest_Generation = YES;
				INFOPLIST_KEY_UIApplicationSupportsIndirectInputEvents = YES;
				INFOPLIST_KEY_UILaunchScreen_Generation = YES;
				INFOPLIST_KEY_UISupportedInterfaceOrientations_iPad = "UIInterfaceOrientationPortrait UIInterfaceOrientationPortraitUpsideDown UIInterfaceOrientationLandscapeLeft UIInterfaceOrientationLandscapeRight";
				INFOPLIST_KEY_UISupportedInterfaceOrientations_iPhone = "UIInterfaceOrientationPortrait UIInterfaceOrientationLandscapeLeft UIInterfaceOrientationLandscapeRight";
				IPHONEOS_DEPLOYMENT_TARGET = 15.5;
				LD_RUNPATH_SEARCH_PATHS = (
					"$(inherited)",
					"@executable_path/Frameworks",
				);
				MARKETING_VERSION = 1.0;
				PRODUCT_BUNDLE_IDENTIFIER = "com.shamsuddinrefaei.Book-App";
				PRODUCT_NAME = "Book-App";
				SDKROOT = iphoneos;
				SWIFT_EMIT_LOC_STRINGS = YES;
				SWIFT_VERSION = 5.0;
				TARGETED_DEVICE_FAMILY = "1,2";
			};
			name = Debug;
		};
		DBFC566C288B04740020C198 /* Release */ = {
			isa = XCBuildConfiguration;
			buildSettings = {
				ASSETCATALOG_COMPILER_APPICON_NAME = AppIcon;
				ASSETCATALOG_COMPILER_GLOBAL_ACCENT_COLOR_NAME = AccentColor;
				CODE_SIGN_STYLE = Automatic;
				CURRENT_PROJECT_VERSION = 1;
				DEVELOPMENT_TEAM = Y99V3PSNQ8;
				ENABLE_PREVIEWS = YES;
				GENERATE_INFOPLIST_FILE = YES;
				INFOPLIST_KEY_UIApplicationSceneManifest_Generation = YES;
				INFOPLIST_KEY_UIApplicationSupportsIndirectInputEvents = YES;
				INFOPLIST_KEY_UILaunchScreen_Generation = YES;
				INFOPLIST_KEY_UISupportedInterfaceOrientations_iPad = "UIInterfaceOrientationPortrait UIInterfaceOrientationPortraitUpsideDown UIInterfaceOrientationLandscapeLeft UIInterfaceOrientationLandscapeRight";
				INFOPLIST_KEY_UISupportedInterfaceOrientations_iPhone = "UIInterfaceOrientationPortrait UIInterfaceOrientationLandscapeLeft UIInterfaceOrientationLandscapeRight";
				IPHONEOS_DEPLOYMENT_TARGET = 15.5;
				LD_RUNPATH_SEARCH_PATHS = (
					"$(inherited)",
					"@executable_path/Frameworks",
				);
				MARKETING_VERSION = 1.0;
				PRODUCT_BUNDLE_IDENTIFIER = "com.shamsuddinrefaei.Book-App";
				PRODUCT_NAME = "Book-App";
				SDKROOT = iphoneos;
				SWIFT_EMIT_LOC_STRINGS = YES;
				SWIFT_VERSION = 5.0;
				TARGETED_DEVICE_FAMILY = "1,2";
				VALIDATE_PRODUCT = YES;
			};
			name = Release;
		};
		DBFC566E288B04740020C198 /* Debug */ = {
			isa = XCBuildConfiguration;
			buildSettings = {
				ASSETCATALOG_COMPILER_APPICON_NAME = AppIcon;
				ASSETCATALOG_COMPILER_GLOBAL_ACCENT_COLOR_NAME = AccentColor;
				CODE_SIGN_ENTITLEMENTS = macOS/macOS.entitlements;
				CODE_SIGN_STYLE = Automatic;
				COMBINE_HIDPI_IMAGES = YES;
				CURRENT_PROJECT_VERSION = 1;
				DEVELOPMENT_TEAM = Y99V3PSNQ8;
				ENABLE_HARDENED_RUNTIME = YES;
				ENABLE_PREVIEWS = YES;
				GENERATE_INFOPLIST_FILE = YES;
				INFOPLIST_KEY_NSHumanReadableCopyright = "";
				LD_RUNPATH_SEARCH_PATHS = (
					"$(inherited)",
					"@executable_path/../Frameworks",
				);
				MACOSX_DEPLOYMENT_TARGET = 12.3;
				MARKETING_VERSION = 1.0;
				PRODUCT_BUNDLE_IDENTIFIER = "com.shamsuddinrefaei.Book-App";
				PRODUCT_NAME = "Book-App";
				SDKROOT = macosx;
				SWIFT_EMIT_LOC_STRINGS = YES;
				SWIFT_VERSION = 5.0;
			};
			name = Debug;
		};
		DBFC566F288B04740020C198 /* Release */ = {
			isa = XCBuildConfiguration;
			buildSettings = {
				ASSETCATALOG_COMPILER_APPICON_NAME = AppIcon;
				ASSETCATALOG_COMPILER_GLOBAL_ACCENT_COLOR_NAME = AccentColor;
				CODE_SIGN_ENTITLEMENTS = macOS/macOS.entitlements;
				CODE_SIGN_STYLE = Automatic;
				COMBINE_HIDPI_IMAGES = YES;
				CURRENT_PROJECT_VERSION = 1;
				DEVELOPMENT_TEAM = Y99V3PSNQ8;
				ENABLE_HARDENED_RUNTIME = YES;
				ENABLE_PREVIEWS = YES;
				GENERATE_INFOPLIST_FILE = YES;
				INFOPLIST_KEY_NSHumanReadableCopyright = "";
				LD_RUNPATH_SEARCH_PATHS = (
					"$(inherited)",
					"@executable_path/../Frameworks",
				);
				MACOSX_DEPLOYMENT_TARGET = 12.3;
				MARKETING_VERSION = 1.0;
				PRODUCT_BUNDLE_IDENTIFIER = "com.shamsuddinrefaei.Book-App";
				PRODUCT_NAME = "Book-App";
				SDKROOT = macosx;
				SWIFT_EMIT_LOC_STRINGS = YES;
				SWIFT_VERSION = 5.0;
			};
			name = Release;
		};
/* End XCBuildConfiguration section */

/* Begin XCConfigurationList section */
		DBFC5650288B04730020C198 /* Build configuration list for PBXProject "Book-App" */ = {
			isa = XCConfigurationList;
			buildConfigurations = (
				DBFC5668288B04740020C198 /* Debug */,
				DBFC5669288B04740020C198 /* Release */,
			);
			defaultConfigurationIsVisible = 0;
			defaultConfigurationName = Release;
		};
		DBFC566A288B04740020C198 /* Build configuration list for PBXNativeTarget "Book-App (iOS)" */ = {
			isa = XCConfigurationList;
			buildConfigurations = (
				DBFC566B288B04740020C198 /* Debug */,
				DBFC566C288B04740020C198 /* Release */,
			);
			defaultConfigurationIsVisible = 0;
			defaultConfigurationName = Release;
		};
		DBFC566D288B04740020C198 /* Build configuration list for PBXNativeTarget "Book-App (macOS)" */ = {
			isa = XCConfigurationList;
			buildConfigurations = (
				DBFC566E288B04740020C198 /* Debug */,
				DBFC566F288B04740020C198 /* Release */,
			);
			defaultConfigurationIsVisible = 0;
			defaultConfigurationName = Release;
		};
/* End XCConfigurationList section */
	};
	rootObject = DBFC564D288B04730020C198 /* Project object */;
}
